
Microsoft Visual Studio Solution File, Format Version 12.00
# Visual Studio Version 16
VisualStudioVersion = 16.0.30907.101
MinimumVisualStudioVersion = 10.0.40219.1
Project("{FAE04EC0-301F-11D3-BF4B-00C04F79EFBC}") = "GorselStok", "GorselStok.csproj", "{153DCDBE-B482-4C24-985B-59BD2EFB4405}"
EndProject
Global
	GlobalSection(SolutionConfigurationPlatforms) = preSolution
		Debug|Any CPU = Debug|Any CPU
		Release|Any CPU = Release|Any CPU
	EndGlobalSection
	GlobalSection(ProjectConfigurationPlatforms) = postSolution
		{153DCDBE-B482-4C24-985B-59BD2EFB4405}.Debug|Any CPU.ActiveCfg = Debug|Any CPU
		{153DCDBE-B482-4C24-985B-59BD2EFB4405}.Debug|Any CPU.Build.0 = Debug|Any CPU
		{153DCDBE-B482-4C24-985B-59BD2EFB4405}.Release|Any CPU.ActiveCfg = Release|Any CPU
		{153DCDBE-B482-4C24-985B-59BD2EFB4405}.Release|Any CPU.Build.0 = Release|Any CPU
	EndGlobalSection
	GlobalSection(SolutionProperties) = preSolution
		HideSolutionNode = FALSE
	EndGlobalSection
	GlobalSection(ExtensibilityGlobals) = postSolution
		SolutionGuid = {2A19A8DF-0983-4511-BB6D-2A564663BB03}
	EndGlobalSection
EndGlobal
